
Microsoft Visual Studio Solution File, Format Version 12.00
# Visual Studio Version 16
VisualStudioVersion = 16.0.30114.105
MinimumVisualStudioVersion = 10.0.40219.1
Project("{FAE04EC0-301F-11D3-BF4B-00C04F79EFBC}") = "API", "API\API.csproj", "{E0BE1653-079D-4F02-A30C-80B0686894EF}"
EndProject
Project("{FAE04EC0-301F-11D3-BF4B-00C04F79EFBC}") = "Application", "Application\Application.csproj", "{5B93CFAE-38B5-4B56-9E9D-A09F1ABB5E4D}"
EndProject
Project("{FAE04EC0-301F-11D3-BF4B-00C04F79EFBC}") = "Persistence", "Persistence\Persistence.csproj", "{B6BBBB69-4C71-4080-B33F-6214244C1BF0}"
EndProject
Project("{FAE04EC0-301F-11D3-BF4B-00C04F79EFBC}") = "Domain", "Domain\Domain.csproj", "{48B688A9-A4E1-43AD-9E5B-1D4EFEA05695}"
EndProject
Project("{FAE04EC0-301F-11D3-BF4B-00C04F79EFBC}") = "Infrastructure", "Infrastructure\Infrastructure.csproj", "{E7D66A53-7100-458F-BF65-14C5A567B7F9}"
EndProject
Global
	GlobalSection(SolutionConfigurationPlatforms) = preSolution
		Debug|Any CPU = Debug|Any CPU
		Release|Any CPU = Release|Any CPU
	EndGlobalSection
	GlobalSection(SolutionProperties) = preSolution
		HideSolutionNode = FALSE
	EndGlobalSection
	GlobalSection(ProjectConfigurationPlatforms) = postSolution
		{E0BE1653-079D-4F02-A30C-80B0686894EF}.Debug|Any CPU.ActiveCfg = Debug|Any CPU
		{E0BE1653-079D-4F02-A30C-80B0686894EF}.Debug|Any CPU.Build.0 = Debug|Any CPU
		{E0BE1653-079D-4F02-A30C-80B0686894EF}.Release|Any CPU.ActiveCfg = Release|Any CPU
		{E0BE1653-079D-4F02-A30C-80B0686894EF}.Release|Any CPU.Build.0 = Release|Any CPU
		{5B93CFAE-38B5-4B56-9E9D-A09F1ABB5E4D}.Debug|Any CPU.ActiveCfg = Debug|Any CPU
		{5B93CFAE-38B5-4B56-9E9D-A09F1ABB5E4D}.Debug|Any CPU.Build.0 = Debug|Any CPU
		{5B93CFAE-38B5-4B56-9E9D-A09F1ABB5E4D}.Release|Any CPU.ActiveCfg = Release|Any CPU
		{5B93CFAE-38B5-4B56-9E9D-A09F1ABB5E4D}.Release|Any CPU.Build.0 = Release|Any CPU
		{B6BBBB69-4C71-4080-B33F-6214244C1BF0}.Debug|Any CPU.ActiveCfg = Debug|Any CPU
		{B6BBBB69-4C71-4080-B33F-6214244C1BF0}.Debug|Any CPU.Build.0 = Debug|Any CPU
		{B6BBBB69-4C71-4080-B33F-6214244C1BF0}.Release|Any CPU.ActiveCfg = Release|Any CPU
		{B6BBBB69-4C71-4080-B33F-6214244C1BF0}.Release|Any CPU.Build.0 = Release|Any CPU
		{48B688A9-A4E1-43AD-9E5B-1D4EFEA05695}.Debug|Any CPU.ActiveCfg = Debug|Any CPU
		{48B688A9-A4E1-43AD-9E5B-1D4EFEA05695}.Debug|Any CPU.Build.0 = Debug|Any CPU
		{48B688A9-A4E1-43AD-9E5B-1D4EFEA05695}.Release|Any CPU.ActiveCfg = Release|Any CPU
		{48B688A9-A4E1-43AD-9E5B-1D4EFEA05695}.Release|Any CPU.Build.0 = Release|Any CPU
		{E7D66A53-7100-458F-BF65-14C5A567B7F9}.Debug|Any CPU.ActiveCfg = Debug|Any CPU
		{E7D66A53-7100-458F-BF65-14C5A567B7F9}.Debug|Any CPU.Build.0 = Debug|Any CPU
		{E7D66A53-7100-458F-BF65-14C5A567B7F9}.Release|Any CPU.ActiveCfg = Release|Any CPU
		{E7D66A53-7100-458F-BF65-14C5A567B7F9}.Release|Any CPU.Build.0 = Release|Any CPU
	EndGlobalSection
EndGlobal
